{
  "nodes": {
    "nixos-hardware": {
      "locked": {
        "lastModified": 1699044561,
        "narHash": "sha256-3uHmbq74CicpBPP40a6NHp830S7Rvh33uFgfIIC+7nw=",
        "owner": "nixos",
        "repo": "nixos-hardware",
        "rev": "87f8403371fa74d9ad21ed677403cc235f37b96c",
        "type": "github"
      },
      "original": {
        "owner": "nixos",
        "repo": "nixos-hardware",
        "type": "github"
      }
    },
    "root": {
      "inputs": {
        "nixos-hardware": "nixos-hardware",
        "system-nixpkgs": "system-nixpkgs"
      }
    },
    "system-nixpkgs": {
      "locked": {
        "lastModified": 1702346276,
        "narHash": "sha256-eAQgwIWApFQ40ipeOjVSoK4TEHVd6nbSd9fApiHIw5A=",
        "owner": "nixos",
        "repo": "nixpkgs",
        "rev": "cf28ee258fd5f9a52de6b9865cdb93a1f96d09b7",
        "type": "github"
      },
      "original": {
        "owner": "nixos",
        "ref": "nixos-23.11",
        "repo": "nixpkgs",
        "type": "github"
      }
    }
  },
  "root": "root",
  "version": 7
}
